
Microsoft Visual Studio Solution File, Format Version 12.00
# Visual Studio Version 17
VisualStudioVersion = 17.10.35027.167
MinimumVisualStudioVersion = 10.0.40219.1
Project("{FAE04EC0-301F-11D3-BF4B-00C04F79EFBC}") = "Teste02", "Teste02\Teste02.csproj", "{4FF1B1AB-829F-4433-9076-AD9CBB1ECB0A}"
EndProject
Global
	GlobalSection(SolutionConfigurationPlatforms) = preSolution
		Debug|Any CPU = Debug|Any CPU
		Release|Any CPU = Release|Any CPU
	EndGlobalSection
	GlobalSection(ProjectConfigurationPlatforms) = postSolution
		{4FF1B1AB-829F-4433-9076-AD9CBB1ECB0A}.Debug|Any CPU.ActiveCfg = Debug|Any CPU
		{4FF1B1AB-829F-4433-9076-AD9CBB1ECB0A}.Debug|Any CPU.Build.0 = Debug|Any CPU
		{4FF1B1AB-829F-4433-9076-AD9CBB1ECB0A}.Release|Any CPU.ActiveCfg = Release|Any CPU
		{4FF1B1AB-829F-4433-9076-AD9CBB1ECB0A}.Release|Any CPU.Build.0 = Release|Any CPU
	EndGlobalSection
	GlobalSection(SolutionProperties) = preSolution
		HideSolutionNode = FALSE
	EndGlobalSection
	GlobalSection(ExtensibilityGlobals) = postSolution
		SolutionGuid = {E950D688-B651-483D-BAC8-92CCAC953205}
	EndGlobalSection
EndGlobal
